
Microsoft Visual Studio Solution File, Format Version 11.00
# Visual Studio 2010
Project("{FAE04EC0-301F-11D3-BF4B-00C04F79EFBC}") = "Training1", "Training1\Training1.csproj", "{8305CAF6-0C96-4038-8957-9EA63038B28E}"
EndProject
Project("{FAE04EC0-301F-11D3-BF4B-00C04F79EFBC}") = "Training1Tests", "Training1Tests\Training1Tests.csproj", "{A40CEB4F-D43C-4684-BB5E-8FEFF2239E55}"
EndProject
Project("{2150E333-8FDC-42A3-9474-1A3956D46DE8}") = "Solution Items", "Solution Items", "{7601CA80-4799-4632-811B-741837E4F02E}"
	ProjectSection(SolutionItems) = preProject
		Local.testsettings = Local.testsettings
		TraceAndTestImpact.testsettings = TraceAndTestImpact.testsettings
		Training1.vsmdi = Training1.vsmdi
	EndProjectSection
EndProject
Global
	GlobalSection(TestCaseManagementSettings) = postSolution
		CategoryFile = Training1.vsmdi
	EndGlobalSection
	GlobalSection(SolutionConfigurationPlatforms) = preSolution
		Debug|Any CPU = Debug|Any CPU
		Debug|Mixed Platforms = Debug|Mixed Platforms
		Debug|x86 = Debug|x86
		Release|Any CPU = Release|Any CPU
		Release|Mixed Platforms = Release|Mixed Platforms
		Release|x86 = Release|x86
	EndGlobalSection
	GlobalSection(ProjectConfigurationPlatforms) = postSolution
		{8305CAF6-0C96-4038-8957-9EA63038B28E}.Debug|Any CPU.ActiveCfg = Debug|x86
		{8305CAF6-0C96-4038-8957-9EA63038B28E}.Debug|Mixed Platforms.ActiveCfg = Debug|x86
		{8305CAF6-0C96-4038-8957-9EA63038B28E}.Debug|Mixed Platforms.Build.0 = Debug|x86
		{8305CAF6-0C96-4038-8957-9EA63038B28E}.Debug|x86.ActiveCfg = Debug|x86
		{8305CAF6-0C96-4038-8957-9EA63038B28E}.Debug|x86.Build.0 = Debug|x86
		{8305CAF6-0C96-4038-8957-9EA63038B28E}.Release|Any CPU.ActiveCfg = Release|x86
		{8305CAF6-0C96-4038-8957-9EA63038B28E}.Release|Mixed Platforms.ActiveCfg = Release|x86
		{8305CAF6-0C96-4038-8957-9EA63038B28E}.Release|Mixed Platforms.Build.0 = Release|x86
		{8305CAF6-0C96-4038-8957-9EA63038B28E}.Release|x86.ActiveCfg = Release|x86
		{8305CAF6-0C96-4038-8957-9EA63038B28E}.Release|x86.Build.0 = Release|x86
		{A40CEB4F-D43C-4684-BB5E-8FEFF2239E55}.Debug|Any CPU.ActiveCfg = Debug|Any CPU
		{A40CEB4F-D43C-4684-BB5E-8FEFF2239E55}.Debug|Any CPU.Build.0 = Debug|Any CPU
		{A40CEB4F-D43C-4684-BB5E-8FEFF2239E55}.Debug|Mixed Platforms.ActiveCfg = Debug|Any CPU
		{A40CEB4F-D43C-4684-BB5E-8FEFF2239E55}.Debug|Mixed Platforms.Build.0 = Debug|Any CPU
		{A40CEB4F-D43C-4684-BB5E-8FEFF2239E55}.Debug|x86.ActiveCfg = Debug|Any CPU
		{A40CEB4F-D43C-4684-BB5E-8FEFF2239E55}.Release|Any CPU.ActiveCfg = Release|Any CPU
		{A40CEB4F-D43C-4684-BB5E-8FEFF2239E55}.Release|Any CPU.Build.0 = Release|Any CPU
		{A40CEB4F-D43C-4684-BB5E-8FEFF2239E55}.Release|Mixed Platforms.ActiveCfg = Release|Any CPU
		{A40CEB4F-D43C-4684-BB5E-8FEFF2239E55}.Release|Mixed Platforms.Build.0 = Release|Any CPU
		{A40CEB4F-D43C-4684-BB5E-8FEFF2239E55}.Release|x86.ActiveCfg = Release|Any CPU
	EndGlobalSection
	GlobalSection(SolutionProperties) = preSolution
		HideSolutionNode = FALSE
	EndGlobalSection
EndGlobal
